
Microsoft Visual Studio Solution File, Format Version 12.00
# Visual Studio Version 16
VisualStudioVersion = 16.0.29021.104
MinimumVisualStudioVersion = 10.0.40219.1
Project("{FAE04EC0-301F-11D3-BF4B-00C04F79EFBC}") = "BookLibraryApp", "BookLibraryApp\BookLibraryApp.csproj", "{3A52556B-5CD0-4539-A166-61AB2F387425}"
EndProject
Global
	GlobalSection(SolutionConfigurationPlatforms) = preSolution
		Debug|Any CPU = Debug|Any CPU
		Release|Any CPU = Release|Any CPU
	EndGlobalSection
	GlobalSection(ProjectConfigurationPlatforms) = postSolution
		{3A52556B-5CD0-4539-A166-61AB2F387425}.Debug|Any CPU.ActiveCfg = Debug|Any CPU
		{3A52556B-5CD0-4539-A166-61AB2F387425}.Debug|Any CPU.Build.0 = Debug|Any CPU
		{3A52556B-5CD0-4539-A166-61AB2F387425}.Release|Any CPU.ActiveCfg = Release|Any CPU
		{3A52556B-5CD0-4539-A166-61AB2F387425}.Release|Any CPU.Build.0 = Release|Any CPU
	EndGlobalSection
	GlobalSection(SolutionProperties) = preSolution
		HideSolutionNode = FALSE
	EndGlobalSection
	GlobalSection(ExtensibilityGlobals) = postSolution
		SolutionGuid = {4D926AD8-84B6-4631-8933-75DBC8ED568F}
	EndGlobalSection
EndGlobal
